// !$*UTF8*$!
{
	archiveVersion = 1;
	classes = {
	};
	objectVersion = 50;
	objects = {

/* Begin PBXBuildFile section */
		533990A626549749008CC75B /* MapView.swift in Sources */ = {isa = PBXBuildFile; fileRef = 533990A526549749008CC75B /* MapView.swift */; };
		533990A726549749008CC75B /* MapView.swift in Sources */ = {isa = PBXBuildFile; fileRef = 533990A526549749008CC75B /* MapView.swift */; };
		533990A92659A1A3008CC75B /* MKPointAnnotation-ObservableObject.swift in Sources */ = {isa = PBXBuildFile; fileRef = 533990A82659A1A3008CC75B /* MKPointAnnotation-ObservableObject.swift */; };
		533990AA2659A1A3008CC75B /* MKPointAnnotation-ObservableObject.swift in Sources */ = {isa = PBXBuildFile; fileRef = 533990A82659A1A3008CC75B /* MKPointAnnotation-ObservableObject.swift */; };
		533990AC2659A385008CC75B /* EditView.swift in Sources */ = {isa = PBXBuildFile; fileRef = 533990AB2659A385008CC75B /* EditView.swift */; };
		533990AD2659A385008CC75B /* EditView.swift in Sources */ = {isa = PBXBuildFile; fileRef = 533990AB2659A385008CC75B /* EditView.swift */; };
		533990AF2659A99E008CC75B /* Result.swift in Sources */ = {isa = PBXBuildFile; fileRef = 533990AE2659A99E008CC75B /* Result.swift */; };
		533990B02659A99E008CC75B /* Result.swift in Sources */ = {isa = PBXBuildFile; fileRef = 533990AE2659A99E008CC75B /* Result.swift */; };
		533990B22659AE88008CC75B /* MKPointAnnotation.swift in Sources */ = {isa = PBXBuildFile; fileRef = 533990B12659AE88008CC75B /* MKPointAnnotation.swift */; };
		533990B32659AE88008CC75B /* MKPointAnnotation.swift in Sources */ = {isa = PBXBuildFile; fileRef = 533990B12659AE88008CC75B /* MKPointAnnotation.swift */; };
		533BF74E2651BB3500AF31FB /* BucketListApp.swift in Sources */ = {isa = PBXBuildFile; fileRef = 533BF73B2651BB3400AF31FB /* BucketListApp.swift */; };
		533BF74F2651BB3500AF31FB /* BucketListApp.swift in Sources */ = {isa = PBXBuildFile; fileRef = 533BF73B2651BB3400AF31FB /* BucketListApp.swift */; };
		533BF7502651BB3500AF31FB /* ContentView.swift in Sources */ = {isa = PBXBuildFile; fileRef = 533BF73C2651BB3400AF31FB /* ContentView.swift */; };
		533BF7512651BB3500AF31FB /* ContentView.swift in Sources */ = {isa = PBXBuildFile; fileRef = 533BF73C2651BB3400AF31FB /* ContentView.swift */; };
		533BF7522651BB3500AF31FB /* Assets.xcassets in Resources */ = {isa = PBXBuildFile; fileRef = 533BF73D2651BB3500AF31FB /* Assets.xcassets */; };
		533BF7532651BB3500AF31FB /* Assets.xcassets in Resources */ = {isa = PBXBuildFile; fileRef = 533BF73D2651BB3500AF31FB /* Assets.xcassets */; };
/* End PBXBuildFile section */

/* Begin PBXFileReference section */
		533990A526549749008CC75B /* MapView.swift */ = {isa = PBXFileReference; lastKnownFileType = sourcecode.swift; path = MapView.swift; sourceTree = "<group>"; };
		533990A82659A1A3008CC75B /* MKPointAnnotation-ObservableObject.swift */ = {isa = PBXFileReference; lastKnownFileType = sourcecode.swift; path = "MKPointAnnotation-ObservableObject.swift"; sourceTree = "<group>"; };
		533990AB2659A385008CC75B /* EditView.swift */ = {isa = PBXFileReference; lastKnownFileType = sourcecode.swift; path = EditView.swift; sourceTree = "<group>"; };
		533990AE2659A99E008CC75B /* Result.swift */ = {isa = PBXFileReference; lastKnownFileType = sourcecode.swift; path = Result.swift; sourceTree = "<group>"; };
		533990B12659AE88008CC75B /* MKPointAnnotation.swift */ = {isa = PBXFileReference; lastKnownFileType = sourcecode.swift; path = MKPointAnnotation.swift; sourceTree = "<group>"; };
		533BF73B2651BB3400AF31FB /* BucketListApp.swift */ = {isa = PBXFileReference; lastKnownFileType = sourcecode.swift; path = BucketListApp.swift; sourceTree = "<group>"; };
		533BF73C2651BB3400AF31FB /* ContentView.swift */ = {isa = PBXFileReference; lastKnownFileType = sourcecode.swift; path = ContentView.swift; sourceTree = "<group>"; };
		533BF73D2651BB3500AF31FB /* Assets.xcassets */ = {isa = PBXFileReference; lastKnownFileType = folder.assetcatalog; path = Assets.xcassets; sourceTree = "<group>"; };
		533BF7422651BB3500AF31FB /* BucketList.app */ = {isa = PBXFileReference; explicitFileType = wrapper.application; includeInIndex = 0; path = BucketList.app; sourceTree = BUILT_PRODUCTS_DIR; };
		533BF7452651BB3500AF31FB /* Info.plist */ = {isa = PBXFileReference; lastKnownFileType = text.plist.xml; path = Info.plist; sourceTree = "<group>"; };
		533BF74A2651BB3500AF31FB /* BucketList.app */ = {isa = PBXFileReference; explicitFileType = wrapper.application; includeInIndex = 0; path = BucketList.app; sourceTree = BUILT_PRODUCTS_DIR; };
		533BF74C2651BB3500AF31FB /* Info.plist */ = {isa = PBXFileReference; lastKnownFileType = text.plist.xml; path = Info.plist; sourceTree = "<group>"; };
		533BF74D2651BB3500AF31FB /* macOS.entitlements */ = {isa = PBXFileReference; lastKnownFileType = text.plist.entitlements; path = macOS.entitlements; sourceTree = "<group>"; };
/* End PBXFileReference section */

/* Begin PBXFrameworksBuildPhase section */
		533BF73F2651BB3500AF31FB /* Frameworks */ = {
			isa = PBXFrameworksBuildPhase;
			buildActionMask = 2147483647;
			files = (
			);
			runOnlyForDeploymentPostprocessing = 0;
		};
		533BF7472651BB3500AF31FB /* Frameworks */ = {
			isa = PBXFrameworksBuildPhase;
			buildActionMask = 2147483647;
			files = (
			);
			runOnlyForDeploymentPostprocessing = 0;
		};
/* End PBXFrameworksBuildPhase section */

/* Begin PBXGroup section */
		533BF7352651BB3400AF31FB = {
			isa = PBXGroup;
			children = (
				533BF73A2651BB3400AF31FB /* Shared */,
				533BF7442651BB3500AF31FB /* iOS */,
				533BF74B2651BB3500AF31FB /* macOS */,
				533BF7432651BB3500AF31FB /* Products */,
			);
			sourceTree = "<group>";
		};
		533BF73A2651BB3400AF31FB /* Shared */ = {
			isa = PBXGroup;
			children = (
				533BF73B2651BB3400AF31FB /* BucketListApp.swift */,
				533BF73C2651BB3400AF31FB /* ContentView.swift */,
				533990A526549749008CC75B /* MapView.swift */,
				533BF73D2651BB3500AF31FB /* Assets.xcassets */,
				533990A82659A1A3008CC75B /* MKPointAnnotation-ObservableObject.swift */,
				533990AB2659A385008CC75B /* EditView.swift */,
				533990AE2659A99E008CC75B /* Result.swift */,
				533990B12659AE88008CC75B /* MKPointAnnotation.swift */,
			);
			path = Shared;
			sourceTree = "<group>";
		};
		533BF7432651BB3500AF31FB /* Products */ = {
			isa = PBXGroup;
			children = (
				533BF7422651BB3500AF31FB /* BucketList.app */,
				533BF74A2651BB3500AF31FB /* BucketList.app */,
			);
			name = Products;
			sourceTree = "<group>";
		};
		533BF7442651BB3500AF31FB /* iOS */ = {
			isa = PBXGroup;
			children = (
				533BF7452651BB3500AF31FB /* Info.plist */,
			);
			path = iOS;
			sourceTree = "<group>";
		};
		533BF74B2651BB3500AF31FB /* macOS */ = {
			isa = PBXGroup;
			children = (
				533BF74C2651BB3500AF31FB /* Info.plist */,
				533BF74D2651BB3500AF31FB /* macOS.entitlements */,
			);
			path = macOS;
			sourceTree = "<group>";
		};
/* End PBXGroup section */

/* Begin PBXNativeTarget section */
		533BF7412651BB3500AF31FB /* BucketList (iOS) */ = {
			isa = PBXNativeTarget;
			buildConfigurationList = 533BF7562651BB3500AF31FB /* Build configuration list for PBXNativeTarget "BucketList (iOS)" */;
			buildPhases = (
				533BF73E2651BB3500AF31FB /* Sources */,
				533BF73F2651BB3500AF31FB /* Frameworks */,
				533BF7402651BB3500AF31FB /* Resources */,
			);
			buildRules = (
			);
			dependencies = (
			);
			name = "BucketList (iOS)";
			productName = "BucketList (iOS)";
			productReference = 533BF7422651BB3500AF31FB /* BucketList.app */;
			productType = "com.apple.product-type.application";
		};
		533BF7492651BB3500AF31FB /* BucketList (macOS) */ = {
			isa = PBXNativeTarget;
			buildConfigurationList = 533BF7592651BB3500AF31FB /* Build configuration list for PBXNativeTarget "BucketList (macOS)" */;
			buildPhases = (
				533BF7462651BB3500AF31FB /* Sources */,
				533BF7472651BB3500AF31FB /* Frameworks */,
				533BF7482651BB3500AF31FB /* Resources */,
			);
			buildRules = (
			);
			dependencies = (
			);
			name = "BucketList (macOS)";
			productName = "BucketList (macOS)";
			productReference = 533BF74A2651BB3500AF31FB /* BucketList.app */;
			productType = "com.apple.product-type.application";
		};
/* End PBXNativeTarget section */

/* Begin PBXProject section */
		533BF7362651BB3400AF31FB /* Project object */ = {
			isa = PBXProject;
			attributes = {
				LastSwiftUpdateCheck = 1250;
				LastUpgradeCheck = 1250;
				TargetAttributes = {
					533BF7412651BB3500AF31FB = {
						CreatedOnToolsVersion = 12.5;
					};
					533BF7492651BB3500AF31FB = {
						CreatedOnToolsVersion = 12.5;
					};
				};
			};
			buildConfigurationList = 533BF7392651BB3400AF31FB /* Build configuration list for PBXProject "BucketList" */;
			compatibilityVersion = "Xcode 9.3";
			developmentRegion = en;
			hasScannedForEncodings = 0;
			knownRegions = (
				en,
				Base,
			);
			mainGroup = 533BF7352651BB3400AF31FB;
			productRefGroup = 533BF7432651BB3500AF31FB /* Products */;
			projectDirPath = "";
			projectRoot = "";
			targets = (
				533BF7412651BB3500AF31FB /* BucketList (iOS) */,
				533BF7492651BB3500AF31FB /* BucketList (macOS) */,
			);
		};
/* End PBXProject section */

/* Begin PBXResourcesBuildPhase section */
		533BF7402651BB3500AF31FB /* Resources */ = {
			isa = PBXResourcesBuildPhase;
			buildActionMask = 2147483647;
			files = (
				533BF7522651BB3500AF31FB /* Assets.xcassets in Resources */,
			);
			runOnlyForDeploymentPostprocessing = 0;
		};
		533BF7482651BB3500AF31FB /* Resources */ = {
			isa = PBXResourcesBuildPhase;
			buildActionMask = 2147483647;
			files = (
				533BF7532651BB3500AF31FB /* Assets.xcassets in Resources */,
			);
			runOnlyForDeploymentPostprocessing = 0;
		};
/* End PBXResourcesBuildPhase section */

/* Begin PBXSourcesBuildPhase section */
		533BF73E2651BB3500AF31FB /* Sources */ = {
			isa = PBXSourcesBuildPhase;
			buildActionMask = 2147483647;
			files = (
				533990AF2659A99E008CC75B /* Result.swift in Sources */,
				533BF7502651BB3500AF31FB /* ContentView.swift in Sources */,
				533990AC2659A385008CC75B /* EditView.swift in Sources */,
				533990A92659A1A3008CC75B /* MKPointAnnotation-ObservableObject.swift in Sources */,
				533990B22659AE88008CC75B /* MKPointAnnotation.swift in Sources */,
				533990A626549749008CC75B /* MapView.swift in Sources */,
				533BF74E2651BB3500AF31FB /* BucketListApp.swift in Sources */,
			);
			runOnlyForDeploymentPostprocessing = 0;
		};
		533BF7462651BB3500AF31FB /* Sources */ = {
			isa = PBXSourcesBuildPhase;
			buildActionMask = 2147483647;
			files = (
				533990B02659A99E008CC75B /* Result.swift in Sources */,
				533BF7512651BB3500AF31FB /* ContentView.swift in Sources */,
				533990AD2659A385008CC75B /* EditView.swift in Sources */,
				533990AA2659A1A3008CC75B /* MKPointAnnotation-ObservableObject.swift in Sources */,
				533990B32659AE88008CC75B /* MKPointAnnotation.swift in Sources */,
				533990A726549749008CC75B /* MapView.swift in Sources */,
				533BF74F2651BB3500AF31FB /* BucketListApp.swift in Sources */,
			);
			runOnlyForDeploymentPostprocessing = 0;
		};
/* End PBXSourcesBuildPhase section */

/* Begin XCBuildConfiguration section */
		533BF7542651BB3500AF31FB /* Debug */ = {
			isa = XCBuildConfiguration;
			buildSettings = {
				ALWAYS_SEARCH_USER_PATHS = NO;
				CLANG_ANALYZER_NONNULL = YES;
				CLANG_ANALYZER_NUMBER_OBJECT_CONVERSION = YES_AGGRESSIVE;
				CLANG_CXX_LANGUAGE_STANDARD = "gnu++14";
				CLANG_CXX_LIBRARY = "libc++";
				CLANG_ENABLE_MODULES = YES;
				CLANG_ENABLE_OBJC_ARC = YES;
				CLANG_ENABLE_OBJC_WEAK = YES;
				CLANG_WARN_BLOCK_CAPTURE_AUTORELEASING = YES;
				CLANG_WARN_BOOL_CONVERSION = YES;
				CLANG_WARN_COMMA = YES;
				CLANG_WARN_CONSTANT_CONVERSION = YES;
				CLANG_WARN_DEPRECATED_OBJC_IMPLEMENTATIONS = YES;
				CLANG_WARN_DIRECT_OBJC_ISA_USAGE = YES_ERROR;
				CLANG_WARN_DOCUMENTATION_COMMENTS = YES;
				CLANG_WARN_EMPTY_BODY = YES;
				CLANG_WARN_ENUM_CONVERSION = YES;
				CLANG_WARN_INFINITE_RECURSION = YES;
				CLANG_WARN_INT_CONVERSION = YES;
				CLANG_WARN_NON_LITERAL_NULL_CONVERSION = YES;
				CLANG_WARN_OBJC_IMPLICIT_RETAIN_SELF = YES;
				CLANG_WARN_OBJC_LITERAL_CONVERSION = YES;
				CLANG_WARN_OBJC_ROOT_CLASS = YES_ERROR;
				CLANG_WARN_QUOTED_INCLUDE_IN_FRAMEWORK_HEADER = YES;
				CLANG_WARN_RANGE_LOOP_ANALYSIS = YES;
				CLANG_WARN_STRICT_PROTOTYPES = YES;
				CLANG_WARN_SUSPICIOUS_MOVE = YES;
				CLANG_WARN_UNGUARDED_AVAILABILITY = YES_AGGRESSIVE;
				CLANG_WARN_UNREACHABLE_CODE = YES;
				CLANG_WARN__DUPLICATE_METHOD_MATCH = YES;
				COPY_PHASE_STRIP = NO;
				DEBUG_INFORMATION_FORMAT = dwarf;
				ENABLE_STRICT_OBJC_MSGSEND = YES;
				ENABLE_TESTABILITY = YES;
				GCC_C_LANGUAGE_STANDARD = gnu11;
				GCC_DYNAMIC_NO_PIC = NO;
				GCC_NO_COMMON_BLOCKS = YES;
				GCC_OPTIMIZATION_LEVEL = 0;
				GCC_PREPROCESSOR_DEFINITIONS = (
					"DEBUG=1",
					"$(inherited)",
				);
				GCC_WARN_64_TO_32_BIT_CONVERSION = YES;
				GCC_WARN_ABOUT_RETURN_TYPE = YES_ERROR;
				GCC_WARN_UNDECLARED_SELECTOR = YES;
				GCC_WARN_UNINITIALIZED_AUTOS = YES_AGGRESSIVE;
				GCC_WARN_UNUSED_FUNCTION = YES;
				GCC_WARN_UNUSED_VARIABLE = YES;
				MTL_ENABLE_DEBUG_INFO = INCLUDE_SOURCE;
				MTL_FAST_MATH = YES;
				ONLY_ACTIVE_ARCH = YES;
				SWIFT_ACTIVE_COMPILATION_CONDITIONS = DEBUG;
				SWIFT_OPTIMIZATION_LEVEL = "-Onone";
			};
			name = Debug;
		};
		533BF7552651BB3500AF31FB /* Release */ = {
			isa = XCBuildConfiguration;
			buildSettings = {
				ALWAYS_SEARCH_USER_PATHS = NO;
				CLANG_ANALYZER_NONNULL = YES;
				CLANG_ANALYZER_NUMBER_OBJECT_CONVERSION = YES_AGGRESSIVE;
				CLANG_CXX_LANGUAGE_STANDARD = "gnu++14";
				CLANG_CXX_LIBRARY = "libc++";
				CLANG_ENABLE_MODULES = YES;
				CLANG_ENABLE_OBJC_ARC = YES;
				CLANG_ENABLE_OBJC_WEAK = YES;
				CLANG_WARN_BLOCK_CAPTURE_AUTORELEASING = YES;
				CLANG_WARN_BOOL_CONVERSION = YES;
				CLANG_WARN_COMMA = YES;
				CLANG_WARN_CONSTANT_CONVERSION = YES;
				CLANG_WARN_DEPRECATED_OBJC_IMPLEMENTATIONS = YES;
				CLANG_WARN_DIRECT_OBJC_ISA_USAGE = YES_ERROR;
				CLANG_WARN_DOCUMENTATION_COMMENTS = YES;
				CLANG_WARN_EMPTY_BODY = YES;
				CLANG_WARN_ENUM_CONVERSION = YES;
				CLANG_WARN_INFINITE_RECURSION = YES;
				CLANG_WARN_INT_CONVERSION = YES;
				CLANG_WARN_NON_LITERAL_NULL_CONVERSION = YES;
				CLANG_WARN_OBJC_IMPLICIT_RETAIN_SELF = YES;
				CLANG_WARN_OBJC_LITERAL_CONVERSION = YES;
				CLANG_WARN_OBJC_ROOT_CLASS = YES_ERROR;
				CLANG_WARN_QUOTED_INCLUDE_IN_FRAMEWORK_HEADER = YES;
				CLANG_WARN_RANGE_LOOP_ANALYSIS = YES;
				CLANG_WARN_STRICT_PROTOTYPES = YES;
				CLANG_WARN_SUSPICIOUS_MOVE = YES;
				CLANG_WARN_UNGUARDED_AVAILABILITY = YES_AGGRESSIVE;
				CLANG_WARN_UNREACHABLE_CODE = YES;
				CLANG_WARN__DUPLICATE_METHOD_MATCH = YES;
				COPY_PHASE_STRIP = NO;
				DEBUG_INFORMATION_FORMAT = "dwarf-with-dsym";
				ENABLE_NS_ASSERTIONS = NO;
				ENABLE_STRICT_OBJC_MSGSEND = YES;
				GCC_C_LANGUAGE_STANDARD = gnu11;
				GCC_NO_COMMON_BLOCKS = YES;
				GCC_WARN_64_TO_32_BIT_CONVERSION = YES;
				GCC_WARN_ABOUT_RETURN_TYPE = YES_ERROR;
				GCC_WARN_UNDECLARED_SELECTOR = YES;
				GCC_WARN_UNINITIALIZED_AUTOS = YES_AGGRESSIVE;
				GCC_WARN_UNUSED_FUNCTION = YES;
				GCC_WARN_UNUSED_VARIABLE = YES;
				MTL_ENABLE_DEBUG_INFO = NO;
				MTL_FAST_MATH = YES;
				SWIFT_COMPILATION_MODE = wholemodule;
				SWIFT_OPTIMIZATION_LEVEL = "-O";
			};
			name = Release;
		};
		533BF7572651BB3500AF31FB /* Debug */ = {
			isa = XCBuildConfiguration;
			buildSettings = {
				ASSETCATALOG_COMPILER_APPICON_NAME = AppIcon;
				ASSETCATALOG_COMPILER_GLOBAL_ACCENT_COLOR_NAME = AccentColor;
				CODE_SIGN_STYLE = Automatic;
				ENABLE_PREVIEWS = YES;
				INFOPLIST_FILE = iOS/Info.plist;
				IPHONEOS_DEPLOYMENT_TARGET = 14.0;
				LD_RUNPATH_SEARCH_PATHS = (
					"$(inherited)",
					"@executable_path/Frameworks",
				);
				PRODUCT_BUNDLE_IDENTIFIER = BrightAnchor.BucketList;
				PRODUCT_NAME = BucketList;
				SDKROOT = iphoneos;
				SWIFT_VERSION = 5.0;
				TARGETED_DEVICE_FAMILY = "1,2";
			};
			name = Debug;
		};
		533BF7582651BB3500AF31FB /* Release */ = {
			isa = XCBuildConfiguration;
			buildSettings = {
				ASSETCATALOG_COMPILER_APPICON_NAME = AppIcon;
				ASSETCATALOG_COMPILER_GLOBAL_ACCENT_COLOR_NAME = AccentColor;
				CODE_SIGN_STYLE = Automatic;
				ENABLE_PREVIEWS = YES;
				INFOPLIST_FILE = iOS/Info.plist;
				IPHONEOS_DEPLOYMENT_TARGET = 14.0;
				LD_RUNPATH_SEARCH_PATHS = (
					"$(inherited)",
					"@executable_path/Frameworks",
				);
				PRODUCT_BUNDLE_IDENTIFIER = BrightAnchor.BucketList;
				PRODUCT_NAME = BucketList;
				SDKROOT = iphoneos;
				SWIFT_VERSION = 5.0;
				TARGETED_DEVICE_FAMILY = "1,2";
				VALIDATE_PRODUCT = YES;
			};
			name = Release;
		};
		533BF75A2651BB3500AF31FB /* Debug */ = {
			isa = XCBuildConfiguration;
			buildSettings = {
				ASSETCATALOG_COMPILER_APPICON_NAME = AppIcon;
				ASSETCATALOG_COMPILER_GLOBAL_ACCENT_COLOR_NAME = AccentColor;
				CODE_SIGN_ENTITLEMENTS = macOS/macOS.entitlements;
				CODE_SIGN_STYLE = Automatic;
				COMBINE_HIDPI_IMAGES = YES;
				ENABLE_PREVIEWS = YES;
				INFOPLIST_FILE = macOS/Info.plist;
				LD_RUNPATH_SEARCH_PATHS = (
					"$(inherited)",
					"@executable_path/../Frameworks",
				);
				MACOSX_DEPLOYMENT_TARGET = 11.0;
				PRODUCT_BUNDLE_IDENTIFIER = BrightAnchor.BucketList;
				PRODUCT_NAME = BucketList;
				SDKROOT = macosx;
				SWIFT_VERSION = 5.0;
			};
			name = Debug;
		};
		533BF75B2651BB3500AF31FB /* Release */ = {
			isa = XCBuildConfiguration;
			buildSettings = {
				ASSETCATALOG_COMPILER_APPICON_NAME = AppIcon;
				ASSETCATALOG_COMPILER_GLOBAL_ACCENT_COLOR_NAME = AccentColor;
				CODE_SIGN_ENTITLEMENTS = macOS/macOS.entitlements;
				CODE_SIGN_STYLE = Automatic;
				COMBINE_HIDPI_IMAGES = YES;
				ENABLE_PREVIEWS = YES;
				INFOPLIST_FILE = macOS/Info.plist;
				LD_RUNPATH_SEARCH_PATHS = (
					"$(inherited)",
					"@executable_path/../Frameworks",
				);
				MACOSX_DEPLOYMENT_TARGET = 11.0;
				PRODUCT_BUNDLE_IDENTIFIER = BrightAnchor.BucketList;
				PRODUCT_NAME = BucketList;
				SDKROOT = macosx;
				SWIFT_VERSION = 5.0;
			};
			name = Release;
		};
/* End XCBuildConfiguration section */

/* Begin XCConfigurationList section */
		533BF7392651BB3400AF31FB /* Build configuration list for PBXProject "BucketList" */ = {
			isa = XCConfigurationList;
			buildConfigurations = (
				533BF7542651BB3500AF31FB /* Debug */,
				533BF7552651BB3500AF31FB /* Release */,
			);
			defaultConfigurationIsVisible = 0;
			defaultConfigurationName = Release;
		};
		533BF7562651BB3500AF31FB /* Build configuration list for PBXNativeTarget "BucketList (iOS)" */ = {
			isa = XCConfigurationList;
			buildConfigurations = (
				533BF7572651BB3500AF31FB /* Debug */,
				533BF7582651BB3500AF31FB /* Release */,
			);
			defaultConfigurationIsVisible = 0;
			defaultConfigurationName = Release;
		};
		533BF7592651BB3500AF31FB /* Build configuration list for PBXNativeTarget "BucketList (macOS)" */ = {
			isa = XCConfigurationList;
			buildConfigurations = (
				533BF75A2651BB3500AF31FB /* Debug */,
				533BF75B2651BB3500AF31FB /* Release */,
			);
			defaultConfigurationIsVisible = 0;
			defaultConfigurationName = Release;
		};
/* End XCConfigurationList section */
	};
	rootObject = 533BF7362651BB3400AF31FB /* Project object */;
}
